// !$*UTF8*$!
{
	archiveVersion = 1;
	classes = {
	};
	objectVersion = 56;
	objects = {

/* Begin PBXBuildFile section */
		DBA497372BE85E2D0082FBC1 /* GoogleService-Info.plist in Resources */ = {isa = PBXBuildFile; fileRef = DBA497362BE85E2D0082FBC1 /* GoogleService-Info.plist */; };
		DBB879F82B6887B300B007EC /* AppDelegate.swift in Sources */ = {isa = PBXBuildFile; fileRef = DBB879F72B6887B300B007EC /* AppDelegate.swift */; };
		DBB879FA2B6887B300B007EC /* SceneDelegate.swift in Sources */ = {isa = PBXBuildFile; fileRef = DBB879F92B6887B300B007EC /* SceneDelegate.swift */; };
		DBB879FC2B6887B300B007EC /* ConversationViewController.swift in Sources */ = {isa = PBXBuildFile; fileRef = DBB879FB2B6887B300B007EC /* ConversationViewController.swift */; };
		DBB879FF2B6887B300B007EC /* Main.storyboard in Resources */ = {isa = PBXBuildFile; fileRef = DBB879FD2B6887B300B007EC /* Main.storyboard */; };
		DBB87A012B6887B500B007EC /* Assets.xcassets in Resources */ = {isa = PBXBuildFile; fileRef = DBB87A002B6887B500B007EC /* Assets.xcassets */; };
		DBB87A042B6887B500B007EC /* LaunchScreen.storyboard in Resources */ = {isa = PBXBuildFile; fileRef = DBB87A022B6887B500B007EC /* LaunchScreen.storyboard */; };
		DBB87A0F2B6887B500B007EC /* MessengerTests.swift in Sources */ = {isa = PBXBuildFile; fileRef = DBB87A0E2B6887B500B007EC /* MessengerTests.swift */; };
		DBB87A192B6887B500B007EC /* MessengerUITests.swift in Sources */ = {isa = PBXBuildFile; fileRef = DBB87A182B6887B500B007EC /* MessengerUITests.swift */; };
		DBB87A1B2B6887B500B007EC /* MessengerUITestsLaunchTests.swift in Sources */ = {isa = PBXBuildFile; fileRef = DBB87A1A2B6887B500B007EC /* MessengerUITestsLaunchTests.swift */; };
		DBB87A6B2B784BB900B007EC /* LoginViewController.swift in Sources */ = {isa = PBXBuildFile; fileRef = DBB87A6A2B784BB900B007EC /* LoginViewController.swift */; };
		DBB87A6D2B784BE100B007EC /* RegisterViewController.swift in Sources */ = {isa = PBXBuildFile; fileRef = DBB87A6C2B784BE100B007EC /* RegisterViewController.swift */; };
		DBB87A6F2B784BF800B007EC /* PhotoViewerViewController.swift in Sources */ = {isa = PBXBuildFile; fileRef = DBB87A6E2B784BF800B007EC /* PhotoViewerViewController.swift */; };
		DBB87A712B784C0800B007EC /* VideoViewController.swift in Sources */ = {isa = PBXBuildFile; fileRef = DBB87A702B784C0800B007EC /* VideoViewController.swift */; };
		DBB87A732B784C1D00B007EC /* NewConversationViewController.swift in Sources */ = {isa = PBXBuildFile; fileRef = DBB87A722B784C1D00B007EC /* NewConversationViewController.swift */; };
		DBB87A752B784C3200B007EC /* NewProfileViewController.swift in Sources */ = {isa = PBXBuildFile; fileRef = DBB87A742B784C3200B007EC /* NewProfileViewController.swift */; };
		DBB87A782B78678E00B007EC /* Extensions.swift in Sources */ = {isa = PBXBuildFile; fileRef = DBB87A772B78678E00B007EC /* Extensions.swift */; };
		FBD85D6564A9944B4D541F15 /* Pods_Messenger.framework in Frameworks */ = {isa = PBXBuildFile; fileRef = C498EFCBBA3B4E8841349808 /* Pods_Messenger.framework */; };
/* End PBXBuildFile section */

/* Begin PBXContainerItemProxy section */
		DBB87A0B2B6887B500B007EC /* PBXContainerItemProxy */ = {
			isa = PBXContainerItemProxy;
			containerPortal = DBB879EC2B6887B300B007EC /* Project object */;
			proxyType = 1;
			remoteGlobalIDString = DBB879F32B6887B300B007EC;
			remoteInfo = Messenger;
		};
		DBB87A152B6887B500B007EC /* PBXContainerItemProxy */ = {
			isa = PBXContainerItemProxy;
			containerPortal = DBB879EC2B6887B300B007EC /* Project object */;
			proxyType = 1;
			remoteGlobalIDString = DBB879F32B6887B300B007EC;
			remoteInfo = Messenger;
		};
/* End PBXContainerItemProxy section */

/* Begin PBXFileReference section */
		38ED255219DB61E3EBD27A7A /* Pods-Messenger.release.xcconfig */ = {isa = PBXFileReference; includeInIndex = 1; lastKnownFileType = text.xcconfig; name = "Pods-Messenger.release.xcconfig"; path = "Target Support Files/Pods-Messenger/Pods-Messenger.release.xcconfig"; sourceTree = "<group>"; };
		AEEF16E064CE242274BF7164 /* Pods-Messenger.debug.xcconfig */ = {isa = PBXFileReference; includeInIndex = 1; lastKnownFileType = text.xcconfig; name = "Pods-Messenger.debug.xcconfig"; path = "Target Support Files/Pods-Messenger/Pods-Messenger.debug.xcconfig"; sourceTree = "<group>"; };
		C498EFCBBA3B4E8841349808 /* Pods_Messenger.framework */ = {isa = PBXFileReference; explicitFileType = wrapper.framework; includeInIndex = 0; path = Pods_Messenger.framework; sourceTree = BUILT_PRODUCTS_DIR; };
		DBA497362BE85E2D0082FBC1 /* GoogleService-Info.plist */ = {isa = PBXFileReference; fileEncoding = 4; lastKnownFileType = text.plist.xml; name = "GoogleService-Info.plist"; path = "../../../../../Desktop/GoogleService-Info.plist"; sourceTree = "<group>"; };
		DBB879F42B6887B300B007EC /* Messenger.app */ = {isa = PBXFileReference; explicitFileType = wrapper.application; includeInIndex = 0; path = Messenger.app; sourceTree = BUILT_PRODUCTS_DIR; };
		DBB879F72B6887B300B007EC /* AppDelegate.swift */ = {isa = PBXFileReference; lastKnownFileType = sourcecode.swift; path = AppDelegate.swift; sourceTree = "<group>"; };
		DBB879F92B6887B300B007EC /* SceneDelegate.swift */ = {isa = PBXFileReference; lastKnownFileType = sourcecode.swift; path = SceneDelegate.swift; sourceTree = "<group>"; };
		DBB879FB2B6887B300B007EC /* ConversationViewController.swift */ = {isa = PBXFileReference; lastKnownFileType = sourcecode.swift; path = ConversationViewController.swift; sourceTree = "<group>"; };
		DBB879FE2B6887B300B007EC /* Base */ = {isa = PBXFileReference; lastKnownFileType = file.storyboard; name = Base; path = Base.lproj/Main.storyboard; sourceTree = "<group>"; };
		DBB87A002B6887B500B007EC /* Assets.xcassets */ = {isa = PBXFileReference; lastKnownFileType = folder.assetcatalog; path = Assets.xcassets; sourceTree = "<group>"; };
		DBB87A032B6887B500B007EC /* Base */ = {isa = PBXFileReference; lastKnownFileType = file.storyboard; name = Base; path = Base.lproj/LaunchScreen.storyboard; sourceTree = "<group>"; };
		DBB87A052B6887B500B007EC /* Info.plist */ = {isa = PBXFileReference; lastKnownFileType = text.plist.xml; path = Info.plist; sourceTree = "<group>"; };
		DBB87A0A2B6887B500B007EC /* MessengerTests.xctest */ = {isa = PBXFileReference; explicitFileType = wrapper.cfbundle; includeInIndex = 0; path = MessengerTests.xctest; sourceTree = BUILT_PRODUCTS_DIR; };
		DBB87A0E2B6887B500B007EC /* MessengerTests.swift */ = {isa = PBXFileReference; lastKnownFileType = sourcecode.swift; path = MessengerTests.swift; sourceTree = "<group>"; };
		DBB87A142B6887B500B007EC /* MessengerUITests.xctest */ = {isa = PBXFileReference; explicitFileType = wrapper.cfbundle; includeInIndex = 0; path = MessengerUITests.xctest; sourceTree = BUILT_PRODUCTS_DIR; };
		DBB87A182B6887B500B007EC /* MessengerUITests.swift */ = {isa = PBXFileReference; lastKnownFileType = sourcecode.swift; path = MessengerUITests.swift; sourceTree = "<group>"; };
		DBB87A1A2B6887B500B007EC /* MessengerUITestsLaunchTests.swift */ = {isa = PBXFileReference; lastKnownFileType = sourcecode.swift; path = MessengerUITestsLaunchTests.swift; sourceTree = "<group>"; };
		DBB87A6A2B784BB900B007EC /* LoginViewController.swift */ = {isa = PBXFileReference; lastKnownFileType = sourcecode.swift; path = LoginViewController.swift; sourceTree = "<group>"; };
		DBB87A6C2B784BE100B007EC /* RegisterViewController.swift */ = {isa = PBXFileReference; lastKnownFileType = sourcecode.swift; path = RegisterViewController.swift; sourceTree = "<group>"; };
		DBB87A6E2B784BF800B007EC /* PhotoViewerViewController.swift */ = {isa = PBXFileReference; lastKnownFileType = sourcecode.swift; path = PhotoViewerViewController.swift; sourceTree = "<group>"; };
		DBB87A702B784C0800B007EC /* VideoViewController.swift */ = {isa = PBXFileReference; lastKnownFileType = sourcecode.swift; path = VideoViewController.swift; sourceTree = "<group>"; };
		DBB87A722B784C1D00B007EC /* NewConversationViewController.swift */ = {isa = PBXFileReference; lastKnownFileType = sourcecode.swift; path = NewConversationViewController.swift; sourceTree = "<group>"; };
		DBB87A742B784C3200B007EC /* NewProfileViewController.swift */ = {isa = PBXFileReference; lastKnownFileType = sourcecode.swift; path = NewProfileViewController.swift; sourceTree = "<group>"; };
		DBB87A772B78678E00B007EC /* Extensions.swift */ = {isa = PBXFileReference; lastKnownFileType = sourcecode.swift; path = Extensions.swift; sourceTree = "<group>"; };
/* End PBXFileReference section */

/* Begin PBXFrameworksBuildPhase section */
		DBB879F12B6887B300B007EC /* Frameworks */ = {
			isa = PBXFrameworksBuildPhase;
			buildActionMask = 2147483647;
			files = (
				FBD85D6564A9944B4D541F15 /* Pods_Messenger.framework in Frameworks */,
			);
			runOnlyForDeploymentPostprocessing = 0;
		};
		DBB87A072B6887B500B007EC /* Frameworks */ = {
			isa = PBXFrameworksBuildPhase;
			buildActionMask = 2147483647;
			files = (
			);
			runOnlyForDeploymentPostprocessing = 0;
		};
		DBB87A112B6887B500B007EC /* Frameworks */ = {
			isa = PBXFrameworksBuildPhase;
			buildActionMask = 2147483647;
			files = (
			);
			runOnlyForDeploymentPostprocessing = 0;
		};
/* End PBXFrameworksBuildPhase section */

/* Begin PBXGroup section */
		DBB879EB2B6887B300B007EC = {
			isa = PBXGroup;
			children = (
				DBB879F62B6887B300B007EC /* Messenger */,
				DBB87A0D2B6887B500B007EC /* MessengerTests */,
				DBB87A172B6887B500B007EC /* MessengerUITests */,
				DBB879F52B6887B300B007EC /* Products */,
				FAC60AFBF452FC347790462D /* Pods */,
				E63FBBBF7A7475796161F3E5 /* Frameworks */,
			);
			sourceTree = "<group>";
		};
		DBB879F52B6887B300B007EC /* Products */ = {
			isa = PBXGroup;
			children = (
				DBB879F42B6887B300B007EC /* Messenger.app */,
				DBB87A0A2B6887B500B007EC /* MessengerTests.xctest */,
				DBB87A142B6887B500B007EC /* MessengerUITests.xctest */,
			);
			name = Products;
			sourceTree = "<group>";
		};
		DBB879F62B6887B300B007EC /* Messenger */ = {
			isa = PBXGroup;
			children = (
				DBA497362BE85E2D0082FBC1 /* GoogleService-Info.plist */,
				DBB87A682B7849AD00B007EC /* Models */,
				DBB87A672B7849A100B007EC /* Resources */,
				DBB87A662B78499100B007EC /* ViewModels */,
				DBB87A652B78494A00B007EC /* Views */,
				DBB87A642B78492B00B007EC /* Controllers */,
				DBB87A052B6887B500B007EC /* Info.plist */,
			);
			path = Messenger;
			sourceTree = "<group>";
		};
		DBB87A0D2B6887B500B007EC /* MessengerTests */ = {
			isa = PBXGroup;
			children = (
				DBB87A0E2B6887B500B007EC /* MessengerTests.swift */,
			);
			path = MessengerTests;
			sourceTree = "<group>";
		};
		DBB87A172B6887B500B007EC /* MessengerUITests */ = {
			isa = PBXGroup;
			children = (
				DBB87A182B6887B500B007EC /* MessengerUITests.swift */,
				DBB87A1A2B6887B500B007EC /* MessengerUITestsLaunchTests.swift */,
			);
			path = MessengerUITests;
			sourceTree = "<group>";
		};
		DBB87A642B78492B00B007EC /* Controllers */ = {
			isa = PBXGroup;
			children = (
				DBB879FB2B6887B300B007EC /* ConversationViewController.swift */,
				DBB87A762B784DE500B007EC /* Login */,
				DBB87A6E2B784BF800B007EC /* PhotoViewerViewController.swift */,
				DBB87A702B784C0800B007EC /* VideoViewController.swift */,
				DBB87A722B784C1D00B007EC /* NewConversationViewController.swift */,
				DBB87A742B784C3200B007EC /* NewProfileViewController.swift */,
			);
			path = Controllers;
			sourceTree = "<group>";
		};
		DBB87A652B78494A00B007EC /* Views */ = {
			isa = PBXGroup;
			children = (
				DBB87A692B784A3B00B007EC /* Storyboards */,
				DBB87A002B6887B500B007EC /* Assets.xcassets */,
			);
			path = Views;
			sourceTree = "<group>";
		};
		DBB87A662B78499100B007EC /* ViewModels */ = {
			isa = PBXGroup;
			children = (
			);
			path = ViewModels;
			sourceTree = "<group>";
		};
		DBB87A672B7849A100B007EC /* Resources */ = {
			isa = PBXGroup;
			children = (
				DBB879F72B6887B300B007EC /* AppDelegate.swift */,
				DBB879F92B6887B300B007EC /* SceneDelegate.swift */,
				DBB87A772B78678E00B007EC /* Extensions.swift */,
			);
			path = Resources;
			sourceTree = "<group>";
		};
		DBB87A682B7849AD00B007EC /* Models */ = {
			isa = PBXGroup;
			children = (
			);
			path = Models;
			sourceTree = "<group>";
		};
		DBB87A692B784A3B00B007EC /* Storyboards */ = {
			isa = PBXGroup;
			children = (
				DBB879FD2B6887B300B007EC /* Main.storyboard */,
				DBB87A022B6887B500B007EC /* LaunchScreen.storyboard */,
			);
			path = Storyboards;
			sourceTree = "<group>";
		};
		DBB87A762B784DE500B007EC /* Login */ = {
			isa = PBXGroup;
			children = (
				DBB87A6A2B784BB900B007EC /* LoginViewController.swift */,
				DBB87A6C2B784BE100B007EC /* RegisterViewController.swift */,
			);
			path = Login;
			sourceTree = "<group>";
		};
		E63FBBBF7A7475796161F3E5 /* Frameworks */ = {
			isa = PBXGroup;
			children = (
				C498EFCBBA3B4E8841349808 /* Pods_Messenger.framework */,
			);
			name = Frameworks;
			sourceTree = "<group>";
		};
		FAC60AFBF452FC347790462D /* Pods */ = {
			isa = PBXGroup;
			children = (
				AEEF16E064CE242274BF7164 /* Pods-Messenger.debug.xcconfig */,
				38ED255219DB61E3EBD27A7A /* Pods-Messenger.release.xcconfig */,
			);
			path = Pods;
			sourceTree = "<group>";
		};
/* End PBXGroup section */

/* Begin PBXNativeTarget section */
		DBB879F32B6887B300B007EC /* Messenger */ = {
			isa = PBXNativeTarget;
			buildConfigurationList = DBB87A1E2B6887B500B007EC /* Build configuration list for PBXNativeTarget "Messenger" */;
			buildPhases = (
				8411602A70EA6A413D651306 /* [CP] Check Pods Manifest.lock */,
				DBB879F02B6887B300B007EC /* Sources */,
				DBB879F12B6887B300B007EC /* Frameworks */,
				DBB879F22B6887B300B007EC /* Resources */,
				05E3BB3C45807F492503E50D /* [CP] Embed Pods Frameworks */,
			);
			buildRules = (
			);
			dependencies = (
			);
			name = Messenger;
			productName = Messenger;
			productReference = DBB879F42B6887B300B007EC /* Messenger.app */;
			productType = "com.apple.product-type.application";
		};
		DBB87A092B6887B500B007EC /* MessengerTests */ = {
			isa = PBXNativeTarget;
			buildConfigurationList = DBB87A212B6887B500B007EC /* Build configuration list for PBXNativeTarget "MessengerTests" */;
			buildPhases = (
				DBB87A062B6887B500B007EC /* Sources */,
				DBB87A072B6887B500B007EC /* Frameworks */,
				DBB87A082B6887B500B007EC /* Resources */,
			);
			buildRules = (
			);
			dependencies = (
				DBB87A0C2B6887B500B007EC /* PBXTargetDependency */,
			);
			name = MessengerTests;
			productName = MessengerTests;
			productReference = DBB87A0A2B6887B500B007EC /* MessengerTests.xctest */;
			productType = "com.apple.product-type.bundle.unit-test";
		};
		DBB87A132B6887B500B007EC /* MessengerUITests */ = {
			isa = PBXNativeTarget;
			buildConfigurationList = DBB87A242B6887B500B007EC /* Build configuration list for PBXNativeTarget "MessengerUITests" */;
			buildPhases = (
				DBB87A102B6887B500B007EC /* Sources */,
				DBB87A112B6887B500B007EC /* Frameworks */,
				DBB87A122B6887B500B007EC /* Resources */,
			);
			buildRules = (
			);
			dependencies = (
				DBB87A162B6887B500B007EC /* PBXTargetDependency */,
			);
			name = MessengerUITests;
			productName = MessengerUITests;
			productReference = DBB87A142B6887B500B007EC /* MessengerUITests.xctest */;
			productType = "com.apple.product-type.bundle.ui-testing";
		};
/* End PBXNativeTarget section */

/* Begin PBXProject section */
		DBB879EC2B6887B300B007EC /* Project object */ = {
			isa = PBXProject;
			attributes = {
				BuildIndependentTargetsInParallel = 1;
				LastSwiftUpdateCheck = 1510;
				LastUpgradeCheck = 1510;
				TargetAttributes = {
					DBB879F32B6887B300B007EC = {
						CreatedOnToolsVersion = 15.1;
					};
					DBB87A092B6887B500B007EC = {
						CreatedOnToolsVersion = 15.1;
						TestTargetID = DBB879F32B6887B300B007EC;
					};
					DBB87A132B6887B500B007EC = {
						CreatedOnToolsVersion = 15.1;
						TestTargetID = DBB879F32B6887B300B007EC;
					};
				};
			};
			buildConfigurationList = DBB879EF2B6887B300B007EC /* Build configuration list for PBXProject "Messenger" */;
			compatibilityVersion = "Xcode 14.0";
			developmentRegion = en;
			hasScannedForEncodings = 0;
			knownRegions = (
				en,
				Base,
			);
			mainGroup = DBB879EB2B6887B300B007EC;
			productRefGroup = DBB879F52B6887B300B007EC /* Products */;
			projectDirPath = "";
			projectRoot = "";
			targets = (
				DBB879F32B6887B300B007EC /* Messenger */,
				DBB87A092B6887B500B007EC /* MessengerTests */,
				DBB87A132B6887B500B007EC /* MessengerUITests */,
			);
		};
/* End PBXProject section */

/* Begin PBXResourcesBuildPhase section */
		DBB879F22B6887B300B007EC /* Resources */ = {
			isa = PBXResourcesBuildPhase;
			buildActionMask = 2147483647;
			files = (
				DBB87A042B6887B500B007EC /* LaunchScreen.storyboard in Resources */,
				DBA497372BE85E2D0082FBC1 /* GoogleService-Info.plist in Resources */,
				DBB87A012B6887B500B007EC /* Assets.xcassets in Resources */,
				DBB879FF2B6887B300B007EC /* Main.storyboard in Resources */,
			);
			runOnlyForDeploymentPostprocessing = 0;
		};
		DBB87A082B6887B500B007EC /* Resources */ = {
			isa = PBXResourcesBuildPhase;
			buildActionMask = 2147483647;
			files = (
			);
			runOnlyForDeploymentPostprocessing = 0;
		};
		DBB87A122B6887B500B007EC /* Resources */ = {
			isa = PBXResourcesBuildPhase;
			buildActionMask = 2147483647;
			files = (
			);
			runOnlyForDeploymentPostprocessing = 0;
		};
/* End PBXResourcesBuildPhase section */

/* Begin PBXShellScriptBuildPhase section */
		05E3BB3C45807F492503E50D /* [CP] Embed Pods Frameworks */ = {
			isa = PBXShellScriptBuildPhase;
			buildActionMask = 2147483647;
			files = (
			);
			inputFileListPaths = (
				"${PODS_ROOT}/Target Support Files/Pods-Messenger/Pods-Messenger-frameworks-${CONFIGURATION}-input-files.xcfilelist",
			);
			name = "[CP] Embed Pods Frameworks";
			outputFileListPaths = (
				"${PODS_ROOT}/Target Support Files/Pods-Messenger/Pods-Messenger-frameworks-${CONFIGURATION}-output-files.xcfilelist",
			);
			runOnlyForDeploymentPostprocessing = 0;
			shellPath = /bin/sh;
			shellScript = "\"${PODS_ROOT}/Target Support Files/Pods-Messenger/Pods-Messenger-frameworks.sh\"\n";
			showEnvVarsInLog = 0;
		};
		8411602A70EA6A413D651306 /* [CP] Check Pods Manifest.lock */ = {
			isa = PBXShellScriptBuildPhase;
			buildActionMask = 2147483647;
			files = (
			);
			inputFileListPaths = (
			);
			inputPaths = (
				"${PODS_PODFILE_DIR_PATH}/Podfile.lock",
				"${PODS_ROOT}/Manifest.lock",
			);
			name = "[CP] Check Pods Manifest.lock";
			outputFileListPaths = (
			);
			outputPaths = (
				"$(DERIVED_FILE_DIR)/Pods-Messenger-checkManifestLockResult.txt",
			);
			runOnlyForDeploymentPostprocessing = 0;
			shellPath = /bin/sh;
			shellScript = "diff \"${PODS_PODFILE_DIR_PATH}/Podfile.lock\" \"${PODS_ROOT}/Manifest.lock\" > /dev/null\nif [ $? != 0 ] ; then\n    # print error to STDERR\n    echo \"error: The sandbox is not in sync with the Podfile.lock. Run 'pod install' or update your CocoaPods installation.\" >&2\n    exit 1\nfi\n# This output is used by Xcode 'outputs' to avoid re-running this script phase.\necho \"SUCCESS\" > \"${SCRIPT_OUTPUT_FILE_0}\"\n";
			showEnvVarsInLog = 0;
		};
/* End PBXShellScriptBuildPhase section */

/* Begin PBXSourcesBuildPhase section */
		DBB879F02B6887B300B007EC /* Sources */ = {
			isa = PBXSourcesBuildPhase;
			buildActionMask = 2147483647;
			files = (
				DBB87A6B2B784BB900B007EC /* LoginViewController.swift in Sources */,
				DBB87A712B784C0800B007EC /* VideoViewController.swift in Sources */,
				DBB87A732B784C1D00B007EC /* NewConversationViewController.swift in Sources */,
				DBB87A6D2B784BE100B007EC /* RegisterViewController.swift in Sources */,
				DBB879FC2B6887B300B007EC /* ConversationViewController.swift in Sources */,
				DBB87A782B78678E00B007EC /* Extensions.swift in Sources */,
				DBB879F82B6887B300B007EC /* AppDelegate.swift in Sources */,
				DBB879FA2B6887B300B007EC /* SceneDelegate.swift in Sources */,
				DBB87A6F2B784BF800B007EC /* PhotoViewerViewController.swift in Sources */,
				DBB87A752B784C3200B007EC /* NewProfileViewController.swift in Sources */,
			);
			runOnlyForDeploymentPostprocessing = 0;
		};
		DBB87A062B6887B500B007EC /* Sources */ = {
			isa = PBXSourcesBuildPhase;
			buildActionMask = 2147483647;
			files = (
				DBB87A0F2B6887B500B007EC /* MessengerTests.swift in Sources */,
			);
			runOnlyForDeploymentPostprocessing = 0;
		};
		DBB87A102B6887B500B007EC /* Sources */ = {
			isa = PBXSourcesBuildPhase;
			buildActionMask = 2147483647;
			files = (
				DBB87A1B2B6887B500B007EC /* MessengerUITestsLaunchTests.swift in Sources */,
				DBB87A192B6887B500B007EC /* MessengerUITests.swift in Sources */,
			);
			runOnlyForDeploymentPostprocessing = 0;
		};
/* End PBXSourcesBuildPhase section */

/* Begin PBXTargetDependency section */
		DBB87A0C2B6887B500B007EC /* PBXTargetDependency */ = {
			isa = PBXTargetDependency;
			target = DBB879F32B6887B300B007EC /* Messenger */;
			targetProxy = DBB87A0B2B6887B500B007EC /* PBXContainerItemProxy */;
		};
		DBB87A162B6887B500B007EC /* PBXTargetDependency */ = {
			isa = PBXTargetDependency;
			target = DBB879F32B6887B300B007EC /* Messenger */;
			targetProxy = DBB87A152B6887B500B007EC /* PBXContainerItemProxy */;
		};
/* End PBXTargetDependency section */

/* Begin PBXVariantGroup section */
		DBB879FD2B6887B300B007EC /* Main.storyboard */ = {
			isa = PBXVariantGroup;
			children = (
				DBB879FE2B6887B300B007EC /* Base */,
			);
			name = Main.storyboard;
			sourceTree = "<group>";
		};
		DBB87A022B6887B500B007EC /* LaunchScreen.storyboard */ = {
			isa = PBXVariantGroup;
			children = (
				DBB87A032B6887B500B007EC /* Base */,
			);
			name = LaunchScreen.storyboard;
			sourceTree = "<group>";
		};
/* End PBXVariantGroup section */

/* Begin XCBuildConfiguration section */
		DBB87A1C2B6887B500B007EC /* Debug */ = {
			isa = XCBuildConfiguration;
			buildSettings = {
				ALWAYS_SEARCH_USER_PATHS = NO;
				ASSETCATALOG_COMPILER_GENERATE_SWIFT_ASSET_SYMBOL_EXTENSIONS = YES;
				CLANG_ANALYZER_NONNULL = YES;
				CLANG_ANALYZER_NUMBER_OBJECT_CONVERSION = YES_AGGRESSIVE;
				CLANG_CXX_LANGUAGE_STANDARD = "gnu++20";
				CLANG_ENABLE_MODULES = YES;
				CLANG_ENABLE_OBJC_ARC = YES;
				CLANG_ENABLE_OBJC_WEAK = YES;
				CLANG_WARN_BLOCK_CAPTURE_AUTORELEASING = YES;
				CLANG_WARN_BOOL_CONVERSION = YES;
				CLANG_WARN_COMMA = YES;
				CLANG_WARN_CONSTANT_CONVERSION = YES;
				CLANG_WARN_DEPRECATED_OBJC_IMPLEMENTATIONS = YES;
				CLANG_WARN_DIRECT_OBJC_ISA_USAGE = YES_ERROR;
				CLANG_WARN_DOCUMENTATION_COMMENTS = YES;
				CLANG_WARN_EMPTY_BODY = YES;
				CLANG_WARN_ENUM_CONVERSION = YES;
				CLANG_WARN_INFINITE_RECURSION = YES;
				CLANG_WARN_INT_CONVERSION = YES;
				CLANG_WARN_NON_LITERAL_NULL_CONVERSION = YES;
				CLANG_WARN_OBJC_IMPLICIT_RETAIN_SELF = YES;
				CLANG_WARN_OBJC_LITERAL_CONVERSION = YES;
				CLANG_WARN_OBJC_ROOT_CLASS = YES_ERROR;
				CLANG_WARN_QUOTED_INCLUDE_IN_FRAMEWORK_HEADER = YES;
				CLANG_WARN_RANGE_LOOP_ANALYSIS = YES;
				CLANG_WARN_STRICT_PROTOTYPES = YES;
				CLANG_WARN_SUSPICIOUS_MOVE = YES;
				CLANG_WARN_UNGUARDED_AVAILABILITY = YES_AGGRESSIVE;
				CLANG_WARN_UNREACHABLE_CODE = YES;
				CLANG_WARN__DUPLICATE_METHOD_MATCH = YES;
				COPY_PHASE_STRIP = NO;
				DEBUG_INFORMATION_FORMAT = dwarf;
				ENABLE_STRICT_OBJC_MSGSEND = YES;
				ENABLE_TESTABILITY = YES;
				ENABLE_USER_SCRIPT_SANDBOXING = NO;
				GCC_C_LANGUAGE_STANDARD = gnu17;
				GCC_DYNAMIC_NO_PIC = NO;
				GCC_NO_COMMON_BLOCKS = YES;
				GCC_OPTIMIZATION_LEVEL = 0;
				GCC_PREPROCESSOR_DEFINITIONS = (
					"DEBUG=1",
					"$(inherited)",
				);
				GCC_WARN_64_TO_32_BIT_CONVERSION = YES;
				GCC_WARN_ABOUT_RETURN_TYPE = YES_ERROR;
				GCC_WARN_UNDECLARED_SELECTOR = YES;
				GCC_WARN_UNINITIALIZED_AUTOS = YES_AGGRESSIVE;
				GCC_WARN_UNUSED_FUNCTION = YES;
				GCC_WARN_UNUSED_VARIABLE = YES;
				IPHONEOS_DEPLOYMENT_TARGET = 17.2;
				LOCALIZATION_PREFERS_STRING_CATALOGS = YES;
				MTL_ENABLE_DEBUG_INFO = INCLUDE_SOURCE;
				MTL_FAST_MATH = YES;
				ONLY_ACTIVE_ARCH = YES;
				SDKROOT = iphoneos;
				SWIFT_ACTIVE_COMPILATION_CONDITIONS = "DEBUG $(inherited)";
				SWIFT_OPTIMIZATION_LEVEL = "-Onone";
			};
			name = Debug;
		};
		DBB87A1D2B6887B500B007EC /* Release */ = {
			isa = XCBuildConfiguration;
			buildSettings = {
				ALWAYS_SEARCH_USER_PATHS = NO;
				ASSETCATALOG_COMPILER_GENERATE_SWIFT_ASSET_SYMBOL_EXTENSIONS = YES;
				CLANG_ANALYZER_NONNULL = YES;
				CLANG_ANALYZER_NUMBER_OBJECT_CONVERSION = YES_AGGRESSIVE;
				CLANG_CXX_LANGUAGE_STANDARD = "gnu++20";
				CLANG_ENABLE_MODULES = YES;
				CLANG_ENABLE_OBJC_ARC = YES;
				CLANG_ENABLE_OBJC_WEAK = YES;
				CLANG_WARN_BLOCK_CAPTURE_AUTORELEASING = YES;
				CLANG_WARN_BOOL_CONVERSION = YES;
				CLANG_WARN_COMMA = YES;
				CLANG_WARN_CONSTANT_CONVERSION = YES;
				CLANG_WARN_DEPRECATED_OBJC_IMPLEMENTATIONS = YES;
				CLANG_WARN_DIRECT_OBJC_ISA_USAGE = YES_ERROR;
				CLANG_WARN_DOCUMENTATION_COMMENTS = YES;
				CLANG_WARN_EMPTY_BODY = YES;
				CLANG_WARN_ENUM_CONVERSION = YES;
				CLANG_WARN_INFINITE_RECURSION = YES;
				CLANG_WARN_INT_CONVERSION = YES;
				CLANG_WARN_NON_LITERAL_NULL_CONVERSION = YES;
				CLANG_WARN_OBJC_IMPLICIT_RETAIN_SELF = YES;
				CLANG_WARN_OBJC_LITERAL_CONVERSION = YES;
				CLANG_WARN_OBJC_ROOT_CLASS = YES_ERROR;
				CLANG_WARN_QUOTED_INCLUDE_IN_FRAMEWORK_HEADER = YES;
				CLANG_WARN_RANGE_LOOP_ANALYSIS = YES;
				CLANG_WARN_STRICT_PROTOTYPES = YES;
				CLANG_WARN_SUSPICIOUS_MOVE = YES;
				CLANG_WARN_UNGUARDED_AVAILABILITY = YES_AGGRESSIVE;
				CLANG_WARN_UNREACHABLE_CODE = YES;
				CLANG_WARN__DUPLICATE_METHOD_MATCH = YES;
				COPY_PHASE_STRIP = NO;
				DEBUG_INFORMATION_FORMAT = "dwarf-with-dsym";
				ENABLE_NS_ASSERTIONS = NO;
				ENABLE_STRICT_OBJC_MSGSEND = YES;
				ENABLE_USER_SCRIPT_SANDBOXING = NO;
				GCC_C_LANGUAGE_STANDARD = gnu17;
				GCC_NO_COMMON_BLOCKS = YES;
				GCC_WARN_64_TO_32_BIT_CONVERSION = YES;
				GCC_WARN_ABOUT_RETURN_TYPE = YES_ERROR;
				GCC_WARN_UNDECLARED_SELECTOR = YES;
				GCC_WARN_UNINITIALIZED_AUTOS = YES_AGGRESSIVE;
				GCC_WARN_UNUSED_FUNCTION = YES;
				GCC_WARN_UNUSED_VARIABLE = YES;
				IPHONEOS_DEPLOYMENT_TARGET = 17.2;
				LOCALIZATION_PREFERS_STRING_CATALOGS = YES;
				MTL_ENABLE_DEBUG_INFO = NO;
				MTL_FAST_MATH = YES;
				SDKROOT = iphoneos;
				SWIFT_COMPILATION_MODE = wholemodule;
				VALIDATE_PRODUCT = YES;
			};
			name = Release;
		};
		DBB87A1F2B6887B500B007EC /* Debug */ = {
			isa = XCBuildConfiguration;
			baseConfigurationReference = AEEF16E064CE242274BF7164 /* Pods-Messenger.debug.xcconfig */;
			buildSettings = {
				ASSETCATALOG_COMPILER_APPICON_NAME = AppIcon;
				ASSETCATALOG_COMPILER_GLOBAL_ACCENT_COLOR_NAME = AccentColor;
				CODE_SIGN_STYLE = Automatic;
				CURRENT_PROJECT_VERSION = 1;
				DEVELOPMENT_TEAM = 82HL984M3W;
				GENERATE_INFOPLIST_FILE = YES;
				INFOPLIST_FILE = Messenger/Info.plist;
				INFOPLIST_KEY_NSCameraUsageDescription = "Please allow access to take a profile picture";
				INFOPLIST_KEY_NSPhotoLibraryAddUsageDescription = "Please allow access to select photo for your profile";
				INFOPLIST_KEY_UIApplicationSupportsIndirectInputEvents = YES;
				INFOPLIST_KEY_UILaunchStoryboardName = LaunchScreen;
				INFOPLIST_KEY_UIMainStoryboardFile = Main;
				INFOPLIST_KEY_UISupportedInterfaceOrientations = UIInterfaceOrientationPortrait;
				INFOPLIST_KEY_UISupportedInterfaceOrientations_iPad = "UIInterfaceOrientationPortrait UIInterfaceOrientationPortraitUpsideDown";
				IPHONEOS_DEPLOYMENT_TARGET = 16.0;
				LD_RUNPATH_SEARCH_PATHS = (
					"$(inherited)",
					"@executable_path/Frameworks",
				);
				MARKETING_VERSION = 1.0;
				PRODUCT_BUNDLE_IDENTIFIER = com.practice.messenger.Messenger;
				PRODUCT_NAME = "$(TARGET_NAME)";
				SWIFT_EMIT_LOC_STRINGS = YES;
				SWIFT_VERSION = 5.0;
				TARGETED_DEVICE_FAMILY = "1,2";
			};
			name = Debug;
		};
		DBB87A202B6887B500B007EC /* Release */ = {
			isa = XCBuildConfiguration;
			baseConfigurationReference = 38ED255219DB61E3EBD27A7A /* Pods-Messenger.release.xcconfig */;
			buildSettings = {
				ASSETCATALOG_COMPILER_APPICON_NAME = AppIcon;
				ASSETCATALOG_COMPILER_GLOBAL_ACCENT_COLOR_NAME = AccentColor;
				CODE_SIGN_STYLE = Automatic;
				CURRENT_PROJECT_VERSION = 1;
				DEVELOPMENT_TEAM = 82HL984M3W;
				GENERATE_INFOPLIST_FILE = YES;
				INFOPLIST_FILE = Messenger/Info.plist;
				INFOPLIST_KEY_NSCameraUsageDescription = "Please allow access to take a profile picture";
				INFOPLIST_KEY_NSPhotoLibraryAddUsageDescription = "Please allow access to select photo for your profile";
				INFOPLIST_KEY_UIApplicationSupportsIndirectInputEvents = YES;
				INFOPLIST_KEY_UILaunchStoryboardName = LaunchScreen;
				INFOPLIST_KEY_UIMainStoryboardFile = Main;
				INFOPLIST_KEY_UISupportedInterfaceOrientations = UIInterfaceOrientationPortrait;
				INFOPLIST_KEY_UISupportedInterfaceOrientations_iPad = "UIInterfaceOrientationPortrait UIInterfaceOrientationPortraitUpsideDown";
				IPHONEOS_DEPLOYMENT_TARGET = 16.0;
				LD_RUNPATH_SEARCH_PATHS = (
					"$(inherited)",
					"@executable_path/Frameworks",
				);
				MARKETING_VERSION = 1.0;
				PRODUCT_BUNDLE_IDENTIFIER = com.practice.messenger.Messenger;
				PRODUCT_NAME = "$(TARGET_NAME)";
				SWIFT_EMIT_LOC_STRINGS = YES;
				SWIFT_VERSION = 5.0;
				TARGETED_DEVICE_FAMILY = "1,2";
			};
			name = Release;
		};
		DBB87A222B6887B500B007EC /* Debug */ = {
			isa = XCBuildConfiguration;
			buildSettings = {
				ALWAYS_EMBED_SWIFT_STANDARD_LIBRARIES = YES;
				BUNDLE_LOADER = "$(TEST_HOST)";
				CODE_SIGN_STYLE = Automatic;
				CURRENT_PROJECT_VERSION = 1;
				DEVELOPMENT_TEAM = 82HL984M3W;
				GENERATE_INFOPLIST_FILE = YES;
				IPHONEOS_DEPLOYMENT_TARGET = 17.2;
				MARKETING_VERSION = 1.0;
				PRODUCT_BUNDLE_IDENTIFIER = com.practice.messenger.MessengerTests;
				PRODUCT_NAME = "$(TARGET_NAME)";
				SWIFT_EMIT_LOC_STRINGS = NO;
				SWIFT_VERSION = 5.0;
				TARGETED_DEVICE_FAMILY = "1,2";
				TEST_HOST = "$(BUILT_PRODUCTS_DIR)/Messenger.app/$(BUNDLE_EXECUTABLE_FOLDER_PATH)/Messenger";
			};
			name = Debug;
		};
		DBB87A232B6887B500B007EC /* Release */ = {
			isa = XCBuildConfiguration;
			buildSettings = {
				ALWAYS_EMBED_SWIFT_STANDARD_LIBRARIES = YES;
				BUNDLE_LOADER = "$(TEST_HOST)";
				CODE_SIGN_STYLE = Automatic;
				CURRENT_PROJECT_VERSION = 1;
				DEVELOPMENT_TEAM = 82HL984M3W;
				GENERATE_INFOPLIST_FILE = YES;
				IPHONEOS_DEPLOYMENT_TARGET = 17.2;
				MARKETING_VERSION = 1.0;
				PRODUCT_BUNDLE_IDENTIFIER = com.practice.messenger.MessengerTests;
				PRODUCT_NAME = "$(TARGET_NAME)";
				SWIFT_EMIT_LOC_STRINGS = NO;
				SWIFT_VERSION = 5.0;
				TARGETED_DEVICE_FAMILY = "1,2";
				TEST_HOST = "$(BUILT_PRODUCTS_DIR)/Messenger.app/$(BUNDLE_EXECUTABLE_FOLDER_PATH)/Messenger";
			};
			name = Release;
		};
		DBB87A252B6887B500B007EC /* Debug */ = {
			isa = XCBuildConfiguration;
			buildSettings = {
				ALWAYS_EMBED_SWIFT_STANDARD_LIBRARIES = YES;
				CODE_SIGN_STYLE = Automatic;
				CURRENT_PROJECT_VERSION = 1;
				DEVELOPMENT_TEAM = 82HL984M3W;
				GENERATE_INFOPLIST_FILE = YES;
				MARKETING_VERSION = 1.0;
				PRODUCT_BUNDLE_IDENTIFIER = com.practice.messenger.MessengerUITests;
				PRODUCT_NAME = "$(TARGET_NAME)";
				SWIFT_EMIT_LOC_STRINGS = NO;
				SWIFT_VERSION = 5.0;
				TARGETED_DEVICE_FAMILY = "1,2";
				TEST_TARGET_NAME = Messenger;
			};
			name = Debug;
		};
		DBB87A262B6887B500B007EC /* Release */ = {
			isa = XCBuildConfiguration;
			buildSettings = {
				ALWAYS_EMBED_SWIFT_STANDARD_LIBRARIES = YES;
				CODE_SIGN_STYLE = Automatic;
				CURRENT_PROJECT_VERSION = 1;
				DEVELOPMENT_TEAM = 82HL984M3W;
				GENERATE_INFOPLIST_FILE = YES;
				MARKETING_VERSION = 1.0;
				PRODUCT_BUNDLE_IDENTIFIER = com.practice.messenger.MessengerUITests;
				PRODUCT_NAME = "$(TARGET_NAME)";
				SWIFT_EMIT_LOC_STRINGS = NO;
				SWIFT_VERSION = 5.0;
				TARGETED_DEVICE_FAMILY = "1,2";
				TEST_TARGET_NAME = Messenger;
			};
			name = Release;
		};
/* End XCBuildConfiguration section */

/* Begin XCConfigurationList section */
		DBB879EF2B6887B300B007EC /* Build configuration list for PBXProject "Messenger" */ = {
			isa = XCConfigurationList;
			buildConfigurations = (
				DBB87A1C2B6887B500B007EC /* Debug */,
				DBB87A1D2B6887B500B007EC /* Release */,
			);
			defaultConfigurationIsVisible = 0;
			defaultConfigurationName = Release;
		};
		DBB87A1E2B6887B500B007EC /* Build configuration list for PBXNativeTarget "Messenger" */ = {
			isa = XCConfigurationList;
			buildConfigurations = (
				DBB87A1F2B6887B500B007EC /* Debug */,
				DBB87A202B6887B500B007EC /* Release */,
			);
			defaultConfigurationIsVisible = 0;
			defaultConfigurationName = Release;
		};
		DBB87A212B6887B500B007EC /* Build configuration list for PBXNativeTarget "MessengerTests" */ = {
			isa = XCConfigurationList;
			buildConfigurations = (
				DBB87A222B6887B500B007EC /* Debug */,
				DBB87A232B6887B500B007EC /* Release */,
			);
			defaultConfigurationIsVisible = 0;
			defaultConfigurationName = Release;
		};
		DBB87A242B6887B500B007EC /* Build configuration list for PBXNativeTarget "MessengerUITests" */ = {
			isa = XCConfigurationList;
			buildConfigurations = (
				DBB87A252B6887B500B007EC /* Debug */,
				DBB87A262B6887B500B007EC /* Release */,
			);
			defaultConfigurationIsVisible = 0;
			defaultConfigurationName = Release;
		};
/* End XCConfigurationList section */
	};
	rootObject = DBB879EC2B6887B300B007EC /* Project object */;
}
